{
  "name": "get-icon-path",
  "version": "0.0.1",
  "lockfileVersion": 1,
  "requires": true,
  "dependencies": {
    "node-gsettings-wrapper": {
      "version": "0.5.0",
      "resolved": "https://registry.npmjs.org/node-gsettings-wrapper/-/node-gsettings-wrapper-0.5.0.tgz",
      "integrity": "sha1-COLk44lce0ROiBi2h35OgBMbUUM="
    },
    "xdg-basedir": {
      "version": "3.0.0",
      "resolved": "https://registry.npmjs.org/xdg-basedir/-/xdg-basedir-3.0.0.tgz",
      "integrity": "sha1-SWsswQnsqNus/i3HK2A8F8WHCtQ="
    },
    "xdg-parse": {
      "version": "0.0.2",
      "resolved": "https://registry.npmjs.org/xdg-parse/-/xdg-parse-0.0.2.tgz",
      "integrity": "sha1-ASlOR5W2jD0LNQMMH5SxGYVZu/0="
    }
  }
}
